
Microsoft Visual Studio Solution File, Format Version 12.00
# Visual Studio 2013
VisualStudioVersion = 12.0.40629.0
MinimumVisualStudioVersion = 10.0.40219.1
Project("{FAE04EC0-301F-11D3-BF4B-00C04F79EFBC}") = "Account", "Account\Account.csproj", "{392A95A8-F6C4-41DD-8B01-9A697234FCF5}"
EndProject
Project("{FAE04EC0-301F-11D3-BF4B-00C04F79EFBC}") = "AccountTests", "AccountTests\AccountTests.csproj", "{8F11A9E2-B06D-436B-8B12-543DA12EF761}"
EndProject
Global
	GlobalSection(SolutionConfigurationPlatforms) = preSolution
		Debug|Any CPU = Debug|Any CPU
		Release|Any CPU = Release|Any CPU
	EndGlobalSection
	GlobalSection(ProjectConfigurationPlatforms) = postSolution
		{392A95A8-F6C4-41DD-8B01-9A697234FCF5}.Debug|Any CPU.ActiveCfg = Debug|Any CPU
		{392A95A8-F6C4-41DD-8B01-9A697234FCF5}.Debug|Any CPU.Build.0 = Debug|Any CPU
		{392A95A8-F6C4-41DD-8B01-9A697234FCF5}.Release|Any CPU.ActiveCfg = Release|Any CPU
		{392A95A8-F6C4-41DD-8B01-9A697234FCF5}.Release|Any CPU.Build.0 = Release|Any CPU
		{8F11A9E2-B06D-436B-8B12-543DA12EF761}.Debug|Any CPU.ActiveCfg = Debug|Any CPU
		{8F11A9E2-B06D-436B-8B12-543DA12EF761}.Debug|Any CPU.Build.0 = Debug|Any CPU
		{8F11A9E2-B06D-436B-8B12-543DA12EF761}.Release|Any CPU.ActiveCfg = Release|Any CPU
		{8F11A9E2-B06D-436B-8B12-543DA12EF761}.Release|Any CPU.Build.0 = Release|Any CPU
	EndGlobalSection
	GlobalSection(SolutionProperties) = preSolution
		HideSolutionNode = FALSE
	EndGlobalSection
EndGlobal
